// !$*UTF8*$!
{
	archiveVersion = 1;
	classes = {
	};
	objectVersion = 46;
	objects = {

/* Begin PBXBuildFile section */
		7E63B76B1A8D83F700E0E036 /* Readme.txt in Resources */ = {isa = PBXBuildFile; fileRef = 7E63B76A1A8D83F700E0E036 /* Readme.txt */; };
		844EEAB91A8CD98300D41013 /* AppDelegate.swift in Sources */ = {isa = PBXBuildFile; fileRef = 844EEAB81A8CD98300D41013 /* AppDelegate.swift */; };
		844EEABB1A8CD98300D41013 /* ViewController.swift in Sources */ = {isa = PBXBuildFile; fileRef = 844EEABA1A8CD98300D41013 /* ViewController.swift */; };
		844EEABE1A8CD98300D41013 /* Main.storyboard in Resources */ = {isa = PBXBuildFile; fileRef = 844EEABC1A8CD98300D41013 /* Main.storyboard */; };
		844EEAC01A8CD98300D41013 /* Images.xcassets in Resources */ = {isa = PBXBuildFile; fileRef = 844EEABF1A8CD98300D41013 /* Images.xcassets */; };
		844EEAC31A8CD98300D41013 /* LaunchScreen.xib in Resources */ = {isa = PBXBuildFile; fileRef = 844EEAC11A8CD98300D41013 /* LaunchScreen.xib */; };
		844EEACF1A8CD98300D41013 /* url2Tests.swift in Sources */ = {isa = PBXBuildFile; fileRef = 844EEACE1A8CD98300D41013 /* url2Tests.swift */; };
/* End PBXBuildFile section */

/* Begin PBXContainerItemProxy section */
		844EEAC91A8CD98300D41013 /* PBXContainerItemProxy */ = {
			isa = PBXContainerItemProxy;
			containerPortal = 844EEAAB1A8CD98300D41013 /* Project object */;
			proxyType = 1;
			remoteGlobalIDString = 844EEAB21A8CD98300D41013;
			remoteInfo = url2;
		};
/* End PBXContainerItemProxy section */

/* Begin PBXFileReference section */
		7E63B76A1A8D83F700E0E036 /* Readme.txt */ = {isa = PBXFileReference; fileEncoding = 4; lastKnownFileType = text; path = Readme.txt; sourceTree = "<group>"; };
		844EEAB31A8CD98300D41013 /* url2.app */ = {isa = PBXFileReference; explicitFileType = wrapper.application; includeInIndex = 0; path = url2.app; sourceTree = BUILT_PRODUCTS_DIR; };
		844EEAB71A8CD98300D41013 /* Info.plist */ = {isa = PBXFileReference; lastKnownFileType = text.plist.xml; path = Info.plist; sourceTree = "<group>"; };
		844EEAB81A8CD98300D41013 /* AppDelegate.swift */ = {isa = PBXFileReference; lastKnownFileType = sourcecode.swift; path = AppDelegate.swift; sourceTree = "<group>"; };
		844EEABA1A8CD98300D41013 /* ViewController.swift */ = {isa = PBXFileReference; lastKnownFileType = sourcecode.swift; path = ViewController.swift; sourceTree = "<group>"; };
		844EEABD1A8CD98300D41013 /* Base */ = {isa = PBXFileReference; lastKnownFileType = file.storyboard; name = Base; path = Base.lproj/Main.storyboard; sourceTree = "<group>"; };
		844EEABF1A8CD98300D41013 /* Images.xcassets */ = {isa = PBXFileReference; lastKnownFileType = folder.assetcatalog; path = Images.xcassets; sourceTree = "<group>"; };
		844EEAC21A8CD98300D41013 /* Base */ = {isa = PBXFileReference; lastKnownFileType = file.xib; name = Base; path = Base.lproj/LaunchScreen.xib; sourceTree = "<group>"; };
		844EEAC81A8CD98300D41013 /* url2Tests.xctest */ = {isa = PBXFileReference; explicitFileType = wrapper.cfbundle; includeInIndex = 0; path = url2Tests.xctest; sourceTree = BUILT_PRODUCTS_DIR; };
		844EEACD1A8CD98300D41013 /* Info.plist */ = {isa = PBXFileReference; lastKnownFileType = text.plist.xml; path = Info.plist; sourceTree = "<group>"; };
		844EEACE1A8CD98300D41013 /* url2Tests.swift */ = {isa = PBXFileReference; lastKnownFileType = sourcecode.swift; path = url2Tests.swift; sourceTree = "<group>"; };
/* End PBXFileReference section */

/* Begin PBXFrameworksBuildPhase section */
		844EEAB01A8CD98300D41013 /* Frameworks */ = {
			isa = PBXFrameworksBuildPhase;
			buildActionMask = 2147483647;
			files = (
			);
			runOnlyForDeploymentPostprocessing = 0;
		};
		844EEAC51A8CD98300D41013 /* Frameworks */ = {
			isa = PBXFrameworksBuildPhase;
			buildActionMask = 2147483647;
			files = (
			);
			runOnlyForDeploymentPostprocessing = 0;
		};
/* End PBXFrameworksBuildPhase section */

/* Begin PBXGroup section */
		844EEAAA1A8CD98300D41013 = {
			isa = PBXGroup;
			children = (
				7E63B76A1A8D83F700E0E036 /* Readme.txt */,
				844EEAB51A8CD98300D41013 /* url2 */,
				844EEACB1A8CD98300D41013 /* url2Tests */,
				844EEAB41A8CD98300D41013 /* Products */,
			);
			sourceTree = "<group>";
		};
		844EEAB41A8CD98300D41013 /* Products */ = {
			isa = PBXGroup;
			children = (
				844EEAB31A8CD98300D41013 /* url2.app */,
				844EEAC81A8CD98300D41013 /* url2Tests.xctest */,
			);
			name = Products;
			sourceTree = "<group>";
		};
		844EEAB51A8CD98300D41013 /* url2 */ = {
			isa = PBXGroup;
			children = (
				844EEAB81A8CD98300D41013 /* AppDelegate.swift */,
				844EEABA1A8CD98300D41013 /* ViewController.swift */,
				844EEABC1A8CD98300D41013 /* Main.storyboard */,
				844EEABF1A8CD98300D41013 /* Images.xcassets */,
				844EEAC11A8CD98300D41013 /* LaunchScreen.xib */,
				844EEAB61A8CD98300D41013 /* Supporting Files */,
			);
			path = url2;
			sourceTree = "<group>";
		};
		844EEAB61A8CD98300D41013 /* Supporting Files */ = {
			isa = PBXGroup;
			children = (
				844EEAB71A8CD98300D41013 /* Info.plist */,
			);
			name = "Supporting Files";
			sourceTree = "<group>";
		};
		844EEACB1A8CD98300D41013 /* url2Tests */ = {
			isa = PBXGroup;
			children = (
				844EEACE1A8CD98300D41013 /* url2Tests.swift */,
				844EEACC1A8CD98300D41013 /* Supporting Files */,
			);
			path = url2Tests;
			sourceTree = "<group>";
		};
		844EEACC1A8CD98300D41013 /* Supporting Files */ = {
			isa = PBXGroup;
			children = (
				844EEACD1A8CD98300D41013 /* Info.plist */,
			);
			name = "Supporting Files";
			sourceTree = "<group>";
		};
/* End PBXGroup section */

/* Begin PBXNativeTarget section */
		844EEAB21A8CD98300D41013 /* url2 */ = {
			isa = PBXNativeTarget;
			buildConfigurationList = 844EEAD21A8CD98300D41013 /* Build configuration list for PBXNativeTarget "url2" */;
			buildPhases = (
				844EEAAF1A8CD98300D41013 /* Sources */,
				844EEAB01A8CD98300D41013 /* Frameworks */,
				844EEAB11A8CD98300D41013 /* Resources */,
			);
			buildRules = (
			);
			dependencies = (
			);
			name = url2;
			productName = url2;
			productReference = 844EEAB31A8CD98300D41013 /* url2.app */;
			productType = "com.apple.product-type.application";
		};
		844EEAC71A8CD98300D41013 /* url2Tests */ = {
			isa = PBXNativeTarget;
			buildConfigurationList = 844EEAD51A8CD98300D41013 /* Build configuration list for PBXNativeTarget "url2Tests" */;
			buildPhases = (
				844EEAC41A8CD98300D41013 /* Sources */,
				844EEAC51A8CD98300D41013 /* Frameworks */,
				844EEAC61A8CD98300D41013 /* Resources */,
			);
			buildRules = (
			);
			dependencies = (
				844EEACA1A8CD98300D41013 /* PBXTargetDependency */,
			);
			name = url2Tests;
			productName = url2Tests;
			productReference = 844EEAC81A8CD98300D41013 /* url2Tests.xctest */;
			productType = "com.apple.product-type.bundle.unit-test";
		};
/* End PBXNativeTarget section */

/* Begin PBXProject section */
		844EEAAB1A8CD98300D41013 /* Project object */ = {
			isa = PBXProject;
			attributes = {
				LastUpgradeCheck = 0610;
				ORGANIZATIONNAME = "Weldon Ruan";
				TargetAttributes = {
					844EEAB21A8CD98300D41013 = {
						CreatedOnToolsVersion = 6.1.1;
					};
					844EEAC71A8CD98300D41013 = {
						CreatedOnToolsVersion = 6.1.1;
						TestTargetID = 844EEAB21A8CD98300D41013;
					};
				};
			};
			buildConfigurationList = 844EEAAE1A8CD98300D41013 /* Build configuration list for PBXProject "url2" */;
			compatibilityVersion = "Xcode 3.2";
			developmentRegion = English;
			hasScannedForEncodings = 0;
			knownRegions = (
				en,
				Base,
			);
			mainGroup = 844EEAAA1A8CD98300D41013;
			productRefGroup = 844EEAB41A8CD98300D41013 /* Products */;
			projectDirPath = "";
			projectRoot = "";
			targets = (
				844EEAB21A8CD98300D41013 /* url2 */,
				844EEAC71A8CD98300D41013 /* url2Tests */,
			);
		};
/* End PBXProject section */

/* Begin PBXResourcesBuildPhase section */
		844EEAB11A8CD98300D41013 /* Resources */ = {
			isa = PBXResourcesBuildPhase;
			buildActionMask = 2147483647;
			files = (
				844EEABE1A8CD98300D41013 /* Main.storyboard in Resources */,
				844EEAC31A8CD98300D41013 /* LaunchScreen.xib in Resources */,
				7E63B76B1A8D83F700E0E036 /* Readme.txt in Resources */,
				844EEAC01A8CD98300D41013 /* Images.xcassets in Resources */,
			);
			runOnlyForDeploymentPostprocessing = 0;
		};
		844EEAC61A8CD98300D41013 /* Resources */ = {
			isa = PBXResourcesBuildPhase;
			buildActionMask = 2147483647;
			files = (
			);
			runOnlyForDeploymentPostprocessing = 0;
		};
/* End PBXResourcesBuildPhase section */

/* Begin PBXSourcesBuildPhase section */
		844EEAAF1A8CD98300D41013 /* Sources */ = {
			isa = PBXSourcesBuildPhase;
			buildActionMask = 2147483647;
			files = (
				844EEABB1A8CD98300D41013 /* ViewController.swift in Sources */,
				844EEAB91A8CD98300D41013 /* AppDelegate.swift in Sources */,
			);
			runOnlyForDeploymentPostprocessing = 0;
		};
		844EEAC41A8CD98300D41013 /* Sources */ = {
			isa = PBXSourcesBuildPhase;
			buildActionMask = 2147483647;
			files = (
				844EEACF1A8CD98300D41013 /* url2Tests.swift in Sources */,
			);
			runOnlyForDeploymentPostprocessing = 0;
		};
/* End PBXSourcesBuildPhase section */

/* Begin PBXTargetDependency section */
		844EEACA1A8CD98300D41013 /* PBXTargetDependency */ = {
			isa = PBXTargetDependency;
			target = 844EEAB21A8CD98300D41013 /* url2 */;
			targetProxy = 844EEAC91A8CD98300D41013 /* PBXContainerItemProxy */;
		};
/* End PBXTargetDependency section */

/* Begin PBXVariantGroup section */
		844EEABC1A8CD98300D41013 /* Main.storyboard */ = {
			isa = PBXVariantGroup;
			children = (
				844EEABD1A8CD98300D41013 /* Base */,
			);
			name = Main.storyboard;
			sourceTree = "<group>";
		};
		844EEAC11A8CD98300D41013 /* LaunchScreen.xib */ = {
			isa = PBXVariantGroup;
			children = (
				844EEAC21A8CD98300D41013 /* Base */,
			);
			name = LaunchScreen.xib;
			sourceTree = "<group>";
		};
/* End PBXVariantGroup section */

/* Begin XCBuildConfiguration section */
		844EEAD01A8CD98300D41013 /* Debug */ = {
			isa = XCBuildConfiguration;
			buildSettings = {
				ALWAYS_SEARCH_USER_PATHS = NO;
				CLANG_CXX_LANGUAGE_STANDARD = "gnu++0x";
				CLANG_CXX_LIBRARY = "libc++";
				CLANG_ENABLE_MODULES = YES;
				CLANG_ENABLE_OBJC_ARC = YES;
				CLANG_WARN_BOOL_CONVERSION = YES;
				CLANG_WARN_CONSTANT_CONVERSION = YES;
				CLANG_WARN_DIRECT_OBJC_ISA_USAGE = YES_ERROR;
				CLANG_WARN_EMPTY_BODY = YES;
				CLANG_WARN_ENUM_CONVERSION = YES;
				CLANG_WARN_INT_CONVERSION = YES;
				CLANG_WARN_OBJC_ROOT_CLASS = YES_ERROR;
				CLANG_WARN_UNREACHABLE_CODE = YES;
				CLANG_WARN__DUPLICATE_METHOD_MATCH = YES;
				"CODE_SIGN_IDENTITY[sdk=iphoneos*]" = "iPhone Developer";
				COPY_PHASE_STRIP = NO;
				ENABLE_STRICT_OBJC_MSGSEND = YES;
				GCC_C_LANGUAGE_STANDARD = gnu99;
				GCC_DYNAMIC_NO_PIC = NO;
				GCC_OPTIMIZATION_LEVEL = 0;
				GCC_PREPROCESSOR_DEFINITIONS = (
					"DEBUG=1",
					"$(inherited)",
				);
				GCC_SYMBOLS_PRIVATE_EXTERN = NO;
				GCC_WARN_64_TO_32_BIT_CONVERSION = YES;
				GCC_WARN_ABOUT_RETURN_TYPE = YES_ERROR;
				GCC_WARN_UNDECLARED_SELECTOR = YES;
				GCC_WARN_UNINITIALIZED_AUTOS = YES_AGGRESSIVE;
				GCC_WARN_UNUSED_FUNCTION = YES;
				GCC_WARN_UNUSED_VARIABLE = YES;
				IPHONEOS_DEPLOYMENT_TARGET = 8.1;
				MTL_ENABLE_DEBUG_INFO = YES;
				ONLY_ACTIVE_ARCH = YES;
				SDKROOT = iphoneos;
				SWIFT_OPTIMIZATION_LEVEL = "-Onone";
				TARGETED_DEVICE_FAMILY = "1,2";
			};
			name = Debug;
		};
		844EEAD11A8CD98300D41013 /* Release */ = {
			isa = XCBuildConfiguration;
			buildSettings = {
				ALWAYS_SEARCH_USER_PATHS = NO;
				CLANG_CXX_LANGUAGE_STANDARD = "gnu++0x";
				CLANG_CXX_LIBRARY = "libc++";
				CLANG_ENABLE_MODULES = YES;
				CLANG_ENABLE_OBJC_ARC = YES;
				CLANG_WARN_BOOL_CONVERSION = YES;
				CLANG_WARN_CONSTANT_CONVERSION = YES;
				CLANG_WARN_DIRECT_OBJC_ISA_USAGE = YES_ERROR;
				CLANG_WARN_EMPTY_BODY = YES;
				CLANG_WARN_ENUM_CONVERSION = YES;
				CLANG_WARN_INT_CONVERSION = YES;
				CLANG_WARN_OBJC_ROOT_CLASS = YES_ERROR;
				CLANG_WARN_UNREACHABLE_CODE = YES;
				CLANG_WARN__DUPLICATE_METHOD_MATCH = YES;
				"CODE_SIGN_IDENTITY[sdk=iphoneos*]" = "iPhone Developer";
				COPY_PHASE_STRIP = YES;
				ENABLE_NS_ASSERTIONS = NO;
				ENABLE_STRICT_OBJC_MSGSEND = YES;
				GCC_C_LANGUAGE_STANDARD = gnu99;
				GCC_WARN_64_TO_32_BIT_CONVERSION = YES;
				GCC_WARN_ABOUT_RETURN_TYPE = YES_ERROR;
				GCC_WARN_UNDECLARED_SELECTOR = YES;
				GCC_WARN_UNINITIALIZED_AUTOS = YES_AGGRESSIVE;
				GCC_WARN_UNUSED_FUNCTION = YES;
				GCC_WARN_UNUSED_VARIABLE = YES;
				IPHONEOS_DEPLOYMENT_TARGET = 8.1;
				MTL_ENABLE_DEBUG_INFO = NO;
				SDKROOT = iphoneos;
				TARGETED_DEVICE_FAMILY = "1,2";
				VALIDATE_PRODUCT = YES;
			};
			name = Release;
		};
		844EEAD31A8CD98300D41013 /* Debug */ = {
			isa = XCBuildConfiguration;
			buildSettings = {
				ASSETCATALOG_COMPILER_APPICON_NAME = AppIcon;
				INFOPLIST_FILE = url2/Info.plist;
				LD_RUNPATH_SEARCH_PATHS = "$(inherited) @executable_path/Frameworks";
				PRODUCT_NAME = "$(TARGET_NAME)";
			};
			name = Debug;
		};
		844EEAD41A8CD98300D41013 /* Release */ = {
			isa = XCBuildConfiguration;
			buildSettings = {
				ASSETCATALOG_COMPILER_APPICON_NAME = AppIcon;
				INFOPLIST_FILE = url2/Info.plist;
				LD_RUNPATH_SEARCH_PATHS = "$(inherited) @executable_path/Frameworks";
				PRODUCT_NAME = "$(TARGET_NAME)";
			};
			name = Release;
		};
		844EEAD61A8CD98300D41013 /* Debug */ = {
			isa = XCBuildConfiguration;
			buildSettings = {
				BUNDLE_LOADER = "$(TEST_HOST)";
				FRAMEWORK_SEARCH_PATHS = (
					"$(SDKROOT)/Developer/Library/Frameworks",
					"$(inherited)",
				);
				GCC_PREPROCESSOR_DEFINITIONS = (
					"DEBUG=1",
					"$(inherited)",
				);
				INFOPLIST_FILE = url2Tests/Info.plist;
				LD_RUNPATH_SEARCH_PATHS = "$(inherited) @executable_path/Frameworks @loader_path/Frameworks";
				PRODUCT_NAME = "$(TARGET_NAME)";
				TEST_HOST = "$(BUILT_PRODUCTS_DIR)/url2.app/url2";
			};
			name = Debug;
		};
		844EEAD71A8CD98300D41013 /* Release */ = {
			isa = XCBuildConfiguration;
			buildSettings = {
				BUNDLE_LOADER = "$(TEST_HOST)";
				FRAMEWORK_SEARCH_PATHS = (
					"$(SDKROOT)/Developer/Library/Frameworks",
					"$(inherited)",
				);
				INFOPLIST_FILE = url2Tests/Info.plist;
				LD_RUNPATH_SEARCH_PATHS = "$(inherited) @executable_path/Frameworks @loader_path/Frameworks";
				PRODUCT_NAME = "$(TARGET_NAME)";
				TEST_HOST = "$(BUILT_PRODUCTS_DIR)/url2.app/url2";
			};
			name = Release;
		};
/* End XCBuildConfiguration section */

/* Begin XCConfigurationList section */
		844EEAAE1A8CD98300D41013 /* Build configuration list for PBXProject "url2" */ = {
			isa = XCConfigurationList;
			buildConfigurations = (
				844EEAD01A8CD98300D41013 /* Debug */,
				844EEAD11A8CD98300D41013 /* Release */,
			);
			defaultConfigurationIsVisible = 0;
			defaultConfigurationName = Release;
		};
		844EEAD21A8CD98300D41013 /* Build configuration list for PBXNativeTarget "url2" */ = {
			isa = XCConfigurationList;
			buildConfigurations = (
				844EEAD31A8CD98300D41013 /* Debug */,
				844EEAD41A8CD98300D41013 /* Release */,
			);
			defaultConfigurationIsVisible = 0;
			defaultConfigurationName = Release;
		};
		844EEAD51A8CD98300D41013 /* Build configuration list for PBXNativeTarget "url2Tests" */ = {
			isa = XCConfigurationList;
			buildConfigurations = (
				844EEAD61A8CD98300D41013 /* Debug */,
				844EEAD71A8CD98300D41013 /* Release */,
			);
			defaultConfigurationIsVisible = 0;
			defaultConfigurationName = Release;
		};
/* End XCConfigurationList section */
	};
	rootObject = 844EEAAB1A8CD98300D41013 /* Project object */;
}
